hash: c1ebbc1ff18c61fc24dc45123cc471e306aa1b4a94e2356c955385a56fd8869c
updated: 2017-07-04T21:05:13.283475772+10:00
imports:
- name: github.com/fatih/color
  version: 62e9147c64a1ed519147b62a56a14e83e2be02c1
- name: github.com/mattn/go-colorable
  version: d67e0b7d1797975196499f79bcc322c08b9f218b
- name: github.com/mattn/go-isatty
  version: ae0b1f8f8004be68d791a576e3d8e7648ab41449
- name: github.com/urfave/cli
  version: cf33a9befefdd6c6ea1a236ab6d546e797a62cbf
testImports: []
